// !$*UTF8*$!
{
	archiveVersion = 1;
	classes = {
	};
	objectVersion = 51;
	objects = {

/* Begin PBXBuildFile section */
		6058819AA37629A397D873E3 /* Pods_itunesTestTests.framework in Frameworks */ = {isa = PBXBuildFile; fileRef = 81F16AAB91D740D37BA0D981 /* Pods_itunesTestTests.framework */; };
		F77902348EF64C20C5B13685 /* Pods_itunesTest.framework in Frameworks */ = {isa = PBXBuildFile; fileRef = B709047ACF64C1C1D67AFBA1 /* Pods_itunesTest.framework */; };
		FB392DE82402FA0100973647 /* DetailViewController.swift in Sources */ = {isa = PBXBuildFile; fileRef = FB392DE72402FA0100973647 /* DetailViewController.swift */; };
		FB3BD5AE240321980063B2FA /* InfoHud.swift in Sources */ = {isa = PBXBuildFile; fileRef = FB3BD5AB240321980063B2FA /* InfoHud.swift */; };
		FB3BD5AF240321980063B2FA /* InfoHud.xib in Resources */ = {isa = PBXBuildFile; fileRef = FB3BD5AC240321980063B2FA /* InfoHud.xib */; };
		FB3BD5B0240321980063B2FA /* UIViewControllerExtension.swift in Sources */ = {isa = PBXBuildFile; fileRef = FB3BD5AD240321980063B2FA /* UIViewControllerExtension.swift */; };
		FB3BD5B4240325930063B2FA /* ResultTableViewCell.swift in Sources */ = {isa = PBXBuildFile; fileRef = FB3BD5B2240325930063B2FA /* ResultTableViewCell.swift */; };
		FB3BD5CA24034BCC0063B2FA /* SearchDetailPresenter.swift in Sources */ = {isa = PBXBuildFile; fileRef = FB3BD5C424034BCC0063B2FA /* SearchDetailPresenter.swift */; };
		FB3BD5CB24034BCC0063B2FA /* SearchDetailWorker.swift in Sources */ = {isa = PBXBuildFile; fileRef = FB3BD5C524034BCC0063B2FA /* SearchDetailWorker.swift */; };
		FB3BD5CC24034BCC0063B2FA /* SearchDetailRouter.swift in Sources */ = {isa = PBXBuildFile; fileRef = FB3BD5C624034BCC0063B2FA /* SearchDetailRouter.swift */; };
		FB3BD5CD24034BCC0063B2FA /* SearchDetailModels.swift in Sources */ = {isa = PBXBuildFile; fileRef = FB3BD5C724034BCC0063B2FA /* SearchDetailModels.swift */; };
		FB3BD5CE24034BCC0063B2FA /* SearchDetailViewController.swift in Sources */ = {isa = PBXBuildFile; fileRef = FB3BD5C824034BCC0063B2FA /* SearchDetailViewController.swift */; };
		FB3BD5CF24034BCC0063B2FA /* SearchDetailInteractor.swift in Sources */ = {isa = PBXBuildFile; fileRef = FB3BD5C924034BCC0063B2FA /* SearchDetailInteractor.swift */; };
		FB3BD5D224034C870063B2FA /* ArtworkTableViewCell.swift in Sources */ = {isa = PBXBuildFile; fileRef = FB3BD5D124034C870063B2FA /* ArtworkTableViewCell.swift */; };
		FB3BD5D424034CA10063B2FA /* DetailArtistTableViewCell.swift in Sources */ = {isa = PBXBuildFile; fileRef = FB3BD5D324034CA10063B2FA /* DetailArtistTableViewCell.swift */; };
		FB3BD5D624034CB90063B2FA /* TrackNameTableViewCell.swift in Sources */ = {isa = PBXBuildFile; fileRef = FB3BD5D524034CB90063B2FA /* TrackNameTableViewCell.swift */; };
		FB3BD5D8240356A80063B2FA /* WebViewTableViewCell.swift in Sources */ = {isa = PBXBuildFile; fileRef = FB3BD5D7240356A80063B2FA /* WebViewTableViewCell.swift */; };
		FB97C53323FE227E0067A2F7 /* AppDelegate.swift in Sources */ = {isa = PBXBuildFile; fileRef = FB97C53223FE227E0067A2F7 /* AppDelegate.swift */; };
		FB97C53523FE227E0067A2F7 /* SceneDelegate.swift in Sources */ = {isa = PBXBuildFile; fileRef = FB97C53423FE227E0067A2F7 /* SceneDelegate.swift */; };
		FB97C53A23FE227E0067A2F7 /* Main.storyboard in Resources */ = {isa = PBXBuildFile; fileRef = FB97C53823FE227E0067A2F7 /* Main.storyboard */; };
		FB97C53C23FE227F0067A2F7 /* Assets.xcassets in Resources */ = {isa = PBXBuildFile; fileRef = FB97C53B23FE227F0067A2F7 /* Assets.xcassets */; };
		FB97C53F23FE227F0067A2F7 /* LaunchScreen.storyboard in Resources */ = {isa = PBXBuildFile; fileRef = FB97C53D23FE227F0067A2F7 /* LaunchScreen.storyboard */; };
		FB97C54A23FE227F0067A2F7 /* itunesTestTests.swift in Sources */ = {isa = PBXBuildFile; fileRef = FB97C54923FE227F0067A2F7 /* itunesTestTests.swift */; };
		FB97C55C23FE23990067A2F7 /* SearchPresenter.swift in Sources */ = {isa = PBXBuildFile; fileRef = FB97C55623FE23990067A2F7 /* SearchPresenter.swift */; };
		FB97C55D23FE23990067A2F7 /* SearchWorker.swift in Sources */ = {isa = PBXBuildFile; fileRef = FB97C55723FE23990067A2F7 /* SearchWorker.swift */; };
		FB97C55E23FE23990067A2F7 /* SearchRouter.swift in Sources */ = {isa = PBXBuildFile; fileRef = FB97C55823FE23990067A2F7 /* SearchRouter.swift */; };
		FB97C55F23FE23990067A2F7 /* SearchModels.swift in Sources */ = {isa = PBXBuildFile; fileRef = FB97C55923FE23990067A2F7 /* SearchModels.swift */; };
		FB97C56023FE23990067A2F7 /* SearchViewController.swift in Sources */ = {isa = PBXBuildFile; fileRef = FB97C55A23FE23990067A2F7 /* SearchViewController.swift */; };
		FB97C56123FE23990067A2F7 /* SearchInteractor.swift in Sources */ = {isa = PBXBuildFile; fileRef = FB97C55B23FE23990067A2F7 /* SearchInteractor.swift */; };
		FB97C56423FE2A1D0067A2F7 /* iTunes.swift in Sources */ = {isa = PBXBuildFile; fileRef = FB97C56323FE2A1D0067A2F7 /* iTunes.swift */; };
		FB97C56623FE2A300067A2F7 /* CodableResponse.swift in Sources */ = {isa = PBXBuildFile; fileRef = FB97C56523FE2A300067A2F7 /* CodableResponse.swift */; };
		FB97C56923FE2AA90067A2F7 /* MediaResult.swift in Sources */ = {isa = PBXBuildFile; fileRef = FB97C56823FE2AA90067A2F7 /* MediaResult.swift */; };
/* End PBXBuildFile section */

/* Begin PBXContainerItemProxy section */
		FB97C54623FE227F0067A2F7 /* PBXContainerItemProxy */ = {
			isa = PBXContainerItemProxy;
			containerPortal = FB97C52723FE227E0067A2F7 /* Project object */;
			proxyType = 1;
			remoteGlobalIDString = FB97C52E23FE227E0067A2F7;
			remoteInfo = itunesTest;
		};
/* End PBXContainerItemProxy section */

/* Begin PBXFileReference section */
		81F16AAB91D740D37BA0D981 /* Pods_itunesTestTests.framework */ = {isa = PBXFileReference; explicitFileType = wrapper.framework; includeInIndex = 0; path = Pods_itunesTestTests.framework; sourceTree = BUILT_PRODUCTS_DIR; };
		89F4695A51EA3799285C76A3 /* Pods-itunesTest.debug.xcconfig */ = {isa = PBXFileReference; includeInIndex = 1; lastKnownFileType = text.xcconfig; name = "Pods-itunesTest.debug.xcconfig"; path = "Target Support Files/Pods-itunesTest/Pods-itunesTest.debug.xcconfig"; sourceTree = "<group>"; };
		B709047ACF64C1C1D67AFBA1 /* Pods_itunesTest.framework */ = {isa = PBXFileReference; explicitFileType = wrapper.framework; includeInIndex = 0; path = Pods_itunesTest.framework; sourceTree = BUILT_PRODUCTS_DIR; };
		C0A5FA73447A11E7CA75FE69 /* Pods-itunesTest.release.xcconfig */ = {isa = PBXFileReference; includeInIndex = 1; lastKnownFileType = text.xcconfig; name = "Pods-itunesTest.release.xcconfig"; path = "Target Support Files/Pods-itunesTest/Pods-itunesTest.release.xcconfig"; sourceTree = "<group>"; };
		E81000DB66CF4BB608EE4BE7 /* Pods-itunesTestTests.debug.xcconfig */ = {isa = PBXFileReference; includeInIndex = 1; lastKnownFileType = text.xcconfig; name = "Pods-itunesTestTests.debug.xcconfig"; path = "Target Support Files/Pods-itunesTestTests/Pods-itunesTestTests.debug.xcconfig"; sourceTree = "<group>"; };
		F6A9B352A513FEE1E83BF833 /* Pods-itunesTestTests.release.xcconfig */ = {isa = PBXFileReference; includeInIndex = 1; lastKnownFileType = text.xcconfig; name = "Pods-itunesTestTests.release.xcconfig"; path = "Target Support Files/Pods-itunesTestTests/Pods-itunesTestTests.release.xcconfig"; sourceTree = "<group>"; };
		FB392DE72402FA0100973647 /* DetailViewController.swift */ = {isa = PBXFileReference; lastKnownFileType = sourcecode.swift; path = DetailViewController.swift; sourceTree = "<group>"; };
		FB3BD5AB240321980063B2FA /* InfoHud.swift */ = {isa = PBXFileReference; fileEncoding = 4; lastKnownFileType = sourcecode.swift; path = InfoHud.swift; sourceTree = "<group>"; };
		FB3BD5AC240321980063B2FA /* InfoHud.xib */ = {isa = PBXFileReference; fileEncoding = 4; lastKnownFileType = file.xib; path = InfoHud.xib; sourceTree = "<group>"; };
		FB3BD5AD240321980063B2FA /* UIViewControllerExtension.swift */ = {isa = PBXFileReference; fileEncoding = 4; lastKnownFileType = sourcecode.swift; path = UIViewControllerExtension.swift; sourceTree = "<group>"; };
		FB3BD5B2240325930063B2FA /* ResultTableViewCell.swift */ = {isa = PBXFileReference; lastKnownFileType = sourcecode.swift; path = ResultTableViewCell.swift; sourceTree = "<group>"; };
		FB3BD5C424034BCC0063B2FA /* SearchDetailPresenter.swift */ = {isa = PBXFileReference; lastKnownFileType = sourcecode.swift; path = SearchDetailPresenter.swift; sourceTree = "<group>"; };
		FB3BD5C524034BCC0063B2FA /* SearchDetailWorker.swift */ = {isa = PBXFileReference; lastKnownFileType = sourcecode.swift; path = SearchDetailWorker.swift; sourceTree = "<group>"; };
		FB3BD5C624034BCC0063B2FA /* SearchDetailRouter.swift */ = {isa = PBXFileReference; lastKnownFileType = sourcecode.swift; path = SearchDetailRouter.swift; sourceTree = "<group>"; };
		FB3BD5C724034BCC0063B2FA /* SearchDetailModels.swift */ = {isa = PBXFileReference; lastKnownFileType = sourcecode.swift; path = SearchDetailModels.swift; sourceTree = "<group>"; };
		FB3BD5C824034BCC0063B2FA /* SearchDetailViewController.swift */ = {isa = PBXFileReference; lastKnownFileType = sourcecode.swift; path = SearchDetailViewController.swift; sourceTree = "<group>"; };
		FB3BD5C924034BCC0063B2FA /* SearchDetailInteractor.swift */ = {isa = PBXFileReference; lastKnownFileType = sourcecode.swift; path = SearchDetailInteractor.swift; sourceTree = "<group>"; };
		FB3BD5D124034C870063B2FA /* ArtworkTableViewCell.swift */ = {isa = PBXFileReference; lastKnownFileType = sourcecode.swift; path = ArtworkTableViewCell.swift; sourceTree = "<group>"; };
		FB3BD5D324034CA10063B2FA /* DetailArtistTableViewCell.swift */ = {isa = PBXFileReference; lastKnownFileType = sourcecode.swift; path = DetailArtistTableViewCell.swift; sourceTree = "<group>"; };
		FB3BD5D524034CB90063B2FA /* TrackNameTableViewCell.swift */ = {isa = PBXFileReference; lastKnownFileType = sourcecode.swift; path = TrackNameTableViewCell.swift; sourceTree = "<group>"; };
		FB3BD5D7240356A80063B2FA /* WebViewTableViewCell.swift */ = {isa = PBXFileReference; lastKnownFileType = sourcecode.swift; path = WebViewTableViewCell.swift; sourceTree = "<group>"; };
		FB97C52F23FE227E0067A2F7 /* itunesTest.app */ = {isa = PBXFileReference; explicitFileType = wrapper.application; includeInIndex = 0; path = itunesTest.app; sourceTree = BUILT_PRODUCTS_DIR; };
		FB97C53223FE227E0067A2F7 /* AppDelegate.swift */ = {isa = PBXFileReference; lastKnownFileType = sourcecode.swift; path = AppDelegate.swift; sourceTree = "<group>"; };
		FB97C53423FE227E0067A2F7 /* SceneDelegate.swift */ = {isa = PBXFileReference; lastKnownFileType = sourcecode.swift; path = SceneDelegate.swift; sourceTree = "<group>"; };
		FB97C53923FE227E0067A2F7 /* Base */ = {isa = PBXFileReference; lastKnownFileType = file.storyboard; name = Base; path = Base.lproj/Main.storyboard; sourceTree = "<group>"; };
		FB97C53B23FE227F0067A2F7 /* Assets.xcassets */ = {isa = PBXFileReference; lastKnownFileType = folder.assetcatalog; path = Assets.xcassets; sourceTree = "<group>"; };
		FB97C53E23FE227F0067A2F7 /* Base */ = {isa = PBXFileReference; lastKnownFileType = file.storyboard; name = Base; path = Base.lproj/LaunchScreen.storyboard; sourceTree = "<group>"; };
		FB97C54023FE227F0067A2F7 /* Info.plist */ = {isa = PBXFileReference; lastKnownFileType = text.plist.xml; path = Info.plist; sourceTree = "<group>"; };
		FB97C54523FE227F0067A2F7 /* itunesTestTests.xctest */ = {isa = PBXFileReference; explicitFileType = wrapper.cfbundle; includeInIndex = 0; path = itunesTestTests.xctest; sourceTree = BUILT_PRODUCTS_DIR; };
		FB97C54923FE227F0067A2F7 /* itunesTestTests.swift */ = {isa = PBXFileReference; lastKnownFileType = sourcecode.swift; path = itunesTestTests.swift; sourceTree = "<group>"; };
		FB97C54B23FE227F0067A2F7 /* Info.plist */ = {isa = PBXFileReference; lastKnownFileType = text.plist.xml; path = Info.plist; sourceTree = "<group>"; };
		FB97C55623FE23990067A2F7 /* SearchPresenter.swift */ = {isa = PBXFileReference; lastKnownFileType = sourcecode.swift; path = SearchPresenter.swift; sourceTree = "<group>"; };
		FB97C55723FE23990067A2F7 /* SearchWorker.swift */ = {isa = PBXFileReference; lastKnownFileType = sourcecode.swift; path = SearchWorker.swift; sourceTree = "<group>"; };
		FB97C55823FE23990067A2F7 /* SearchRouter.swift */ = {isa = PBXFileReference; lastKnownFileType = sourcecode.swift; path = SearchRouter.swift; sourceTree = "<group>"; };
		FB97C55923FE23990067A2F7 /* SearchModels.swift */ = {isa = PBXFileReference; lastKnownFileType = sourcecode.swift; path = SearchModels.swift; sourceTree = "<group>"; };
		FB97C55A23FE23990067A2F7 /* SearchViewController.swift */ = {isa = PBXFileReference; lastKnownFileType = sourcecode.swift; path = SearchViewController.swift; sourceTree = "<group>"; };
		FB97C55B23FE23990067A2F7 /* SearchInteractor.swift */ = {isa = PBXFileReference; lastKnownFileType = sourcecode.swift; path = SearchInteractor.swift; sourceTree = "<group>"; };
		FB97C56323FE2A1D0067A2F7 /* iTunes.swift */ = {isa = PBXFileReference; lastKnownFileType = sourcecode.swift; path = iTunes.swift; sourceTree = "<group>"; };
		FB97C56523FE2A300067A2F7 /* CodableResponse.swift */ = {isa = PBXFileReference; lastKnownFileType = sourcecode.swift; path = CodableResponse.swift; sourceTree = "<group>"; };
		FB97C56823FE2AA90067A2F7 /* MediaResult.swift */ = {isa = PBXFileReference; lastKnownFileType = sourcecode.swift; path = MediaResult.swift; sourceTree = "<group>"; };
/* End PBXFileReference section */

/* Begin PBXFrameworksBuildPhase section */
		FB97C52C23FE227E0067A2F7 /* Frameworks */ = {
			isa = PBXFrameworksBuildPhase;
			buildActionMask = 2147483647;
			files = (
				F77902348EF64C20C5B13685 /* Pods_itunesTest.framework in Frameworks */,
			);
			runOnlyForDeploymentPostprocessing = 0;
		};
		FB97C54223FE227F0067A2F7 /* Frameworks */ = {
			isa = PBXFrameworksBuildPhase;
			buildActionMask = 2147483647;
			files = (
				6058819AA37629A397D873E3 /* Pods_itunesTestTests.framework in Frameworks */,
			);
			runOnlyForDeploymentPostprocessing = 0;
		};
/* End PBXFrameworksBuildPhase section */

/* Begin PBXGroup section */
		403E42F0896829FD503E9402 /* Frameworks */ = {
			isa = PBXGroup;
			children = (
				B709047ACF64C1C1D67AFBA1 /* Pods_itunesTest.framework */,
				81F16AAB91D740D37BA0D981 /* Pods_itunesTestTests.framework */,
			);
			name = Frameworks;
			sourceTree = "<group>";
		};
		BEE5539BFE29AF750E3CBA6B /* Pods */ = {
			isa = PBXGroup;
			children = (
				89F4695A51EA3799285C76A3 /* Pods-itunesTest.debug.xcconfig */,
				C0A5FA73447A11E7CA75FE69 /* Pods-itunesTest.release.xcconfig */,
				E81000DB66CF4BB608EE4BE7 /* Pods-itunesTestTests.debug.xcconfig */,
				F6A9B352A513FEE1E83BF833 /* Pods-itunesTestTests.release.xcconfig */,
			);
			path = Pods;
			sourceTree = "<group>";
		};
		FB3BD5AA240321770063B2FA /* Utility */ = {
			isa = PBXGroup;
			children = (
				FB3BD5AB240321980063B2FA /* InfoHud.swift */,
				FB3BD5AC240321980063B2FA /* InfoHud.xib */,
				FB3BD5AD240321980063B2FA /* UIViewControllerExtension.swift */,
			);
			path = Utility;
			sourceTree = "<group>";
		};
		FB3BD5B1240325760063B2FA /* View */ = {
			isa = PBXGroup;
			children = (
				FB3BD5B2240325930063B2FA /* ResultTableViewCell.swift */,
			);
			path = View;
			sourceTree = "<group>";
		};
		FB3BD5C324034BBB0063B2FA /* SearchDetail */ = {
			isa = PBXGroup;
			children = (
				FB3BD5D024034C660063B2FA /* Views */,
				FB3BD5C424034BCC0063B2FA /* SearchDetailPresenter.swift */,
				FB3BD5C524034BCC0063B2FA /* SearchDetailWorker.swift */,
				FB3BD5C624034BCC0063B2FA /* SearchDetailRouter.swift */,
				FB3BD5C724034BCC0063B2FA /* SearchDetailModels.swift */,
				FB3BD5C824034BCC0063B2FA /* SearchDetailViewController.swift */,
				FB3BD5C924034BCC0063B2FA /* SearchDetailInteractor.swift */,
			);
			path = SearchDetail;
			sourceTree = "<group>";
		};
		FB3BD5D024034C660063B2FA /* Views */ = {
			isa = PBXGroup;
			children = (
				FB3BD5D124034C870063B2FA /* ArtworkTableViewCell.swift */,
				FB3BD5D324034CA10063B2FA /* DetailArtistTableViewCell.swift */,
				FB3BD5D524034CB90063B2FA /* TrackNameTableViewCell.swift */,
				FB3BD5D7240356A80063B2FA /* WebViewTableViewCell.swift */,
			);
			path = Views;
			sourceTree = "<group>";
		};
		FB97C52623FE227E0067A2F7 = {
			isa = PBXGroup;
			children = (
				FB97C53123FE227E0067A2F7 /* itunesTest */,
				FB97C54823FE227F0067A2F7 /* itunesTestTests */,
				FB97C53023FE227E0067A2F7 /* Products */,
				BEE5539BFE29AF750E3CBA6B /* Pods */,
				403E42F0896829FD503E9402 /* Frameworks */,
			);
			sourceTree = "<group>";
		};
		FB97C53023FE227E0067A2F7 /* Products */ = {
			isa = PBXGroup;
			children = (
				FB97C52F23FE227E0067A2F7 /* itunesTest.app */,
				FB97C54523FE227F0067A2F7 /* itunesTestTests.xctest */,
			);
			name = Products;
			sourceTree = "<group>";
		};
		FB97C53123FE227E0067A2F7 /* itunesTest */ = {
			isa = PBXGroup;
			children = (
				FB3BD5AA240321770063B2FA /* Utility */,
				FB97C56723FE2A800067A2F7 /* Model */,
				FB97C56223FE2A040067A2F7 /* Network */,
				FB97C55423FE234F0067A2F7 /* Scenes */,
				FB97C53223FE227E0067A2F7 /* AppDelegate.swift */,
				FB97C53423FE227E0067A2F7 /* SceneDelegate.swift */,
				FB97C53823FE227E0067A2F7 /* Main.storyboard */,
				FB97C53B23FE227F0067A2F7 /* Assets.xcassets */,
				FB97C53D23FE227F0067A2F7 /* LaunchScreen.storyboard */,
				FB97C54023FE227F0067A2F7 /* Info.plist */,
				FB392DE72402FA0100973647 /* DetailViewController.swift */,
			);
			path = itunesTest;
			sourceTree = "<group>";
		};
		FB97C54823FE227F0067A2F7 /* itunesTestTests */ = {
			isa = PBXGroup;
			children = (
				FB97C54923FE227F0067A2F7 /* itunesTestTests.swift */,
				FB97C54B23FE227F0067A2F7 /* Info.plist */,
			);
			path = itunesTestTests;
			sourceTree = "<group>";
		};
		FB97C55423FE234F0067A2F7 /* Scenes */ = {
			isa = PBXGroup;
			children = (
				FB3BD5C324034BBB0063B2FA /* SearchDetail */,
				FB97C55523FE23700067A2F7 /* Search */,
			);
			path = Scenes;
			sourceTree = "<group>";
		};
		FB97C55523FE23700067A2F7 /* Search */ = {
			isa = PBXGroup;
			children = (
				FB3BD5B1240325760063B2FA /* View */,
				FB97C55623FE23990067A2F7 /* SearchPresenter.swift */,
				FB97C55723FE23990067A2F7 /* SearchWorker.swift */,
				FB97C55823FE23990067A2F7 /* SearchRouter.swift */,
				FB97C55923FE23990067A2F7 /* SearchModels.swift */,
				FB97C55A23FE23990067A2F7 /* SearchViewController.swift */,
				FB97C55B23FE23990067A2F7 /* SearchInteractor.swift */,
			);
			path = Search;
			sourceTree = "<group>";
		};
		FB97C56223FE2A040067A2F7 /* Network */ = {
			isa = PBXGroup;
			children = (
				FB97C56323FE2A1D0067A2F7 /* iTunes.swift */,
				FB97C56523FE2A300067A2F7 /* CodableResponse.swift */,
			);
			path = Network;
			sourceTree = "<group>";
		};
		FB97C56723FE2A800067A2F7 /* Model */ = {
			isa = PBXGroup;
			children = (
				FB97C56823FE2AA90067A2F7 /* MediaResult.swift */,
			);
			path = Model;
			sourceTree = "<group>";
		};
/* End PBXGroup section */

/* Begin PBXNativeTarget section */
		FB97C52E23FE227E0067A2F7 /* itunesTest */ = {
			isa = PBXNativeTarget;
			buildConfigurationList = FB97C54E23FE227F0067A2F7 /* Build configuration list for PBXNativeTarget "itunesTest" */;
			buildPhases = (
				D6030948EEF8AE945A359365 /* [CP] Check Pods Manifest.lock */,
				FB97C52B23FE227E0067A2F7 /* Sources */,
				FB97C52C23FE227E0067A2F7 /* Frameworks */,
				FB97C52D23FE227E0067A2F7 /* Resources */,
				207BA5C59826987DBABC11DF /* [CP] Embed Pods Frameworks */,
			);
			buildRules = (
			);
			dependencies = (
			);
			name = itunesTest;
			productName = itunesTest;
			productReference = FB97C52F23FE227E0067A2F7 /* itunesTest.app */;
			productType = "com.apple.product-type.application";
		};
		FB97C54423FE227F0067A2F7 /* itunesTestTests */ = {
			isa = PBXNativeTarget;
			buildConfigurationList = FB97C55123FE227F0067A2F7 /* Build configuration list for PBXNativeTarget "itunesTestTests" */;
			buildPhases = (
				B805DCE6C6CE2FE535B5AEA1 /* [CP] Check Pods Manifest.lock */,
				FB97C54123FE227F0067A2F7 /* Sources */,
				FB97C54223FE227F0067A2F7 /* Frameworks */,
				FB97C54323FE227F0067A2F7 /* Resources */,
			);
			buildRules = (
			);
			dependencies = (
				FB97C54723FE227F0067A2F7 /* PBXTargetDependency */,
			);
			name = itunesTestTests;
			productName = itunesTestTests;
			productReference = FB97C54523FE227F0067A2F7 /* itunesTestTests.xctest */;
			productType = "com.apple.product-type.bundle.unit-test";
		};
/* End PBXNativeTarget section */

/* Begin PBXProject section */
		FB97C52723FE227E0067A2F7 /* Project object */ = {
			isa = PBXProject;
			attributes = {
				LastSwiftUpdateCheck = 1130;
				LastUpgradeCheck = 1130;
				ORGANIZATIONNAME = "Rodrigo Astorga";
				TargetAttributes = {
					FB97C52E23FE227E0067A2F7 = {
						CreatedOnToolsVersion = 11.3.1;
					};
					FB97C54423FE227F0067A2F7 = {
						CreatedOnToolsVersion = 11.3.1;
						TestTargetID = FB97C52E23FE227E0067A2F7;
					};
				};
			};
			buildConfigurationList = FB97C52A23FE227E0067A2F7 /* Build configuration list for PBXProject "itunesTest" */;
			compatibilityVersion = "Xcode 9.3";
			developmentRegion = en;
			hasScannedForEncodings = 0;
			knownRegions = (
				en,
				Base,
			);
			mainGroup = FB97C52623FE227E0067A2F7;
			productRefGroup = FB97C53023FE227E0067A2F7 /* Products */;
			projectDirPath = "";
			projectRoot = "";
			targets = (
				FB97C52E23FE227E0067A2F7 /* itunesTest */,
				FB97C54423FE227F0067A2F7 /* itunesTestTests */,
			);
		};
/* End PBXProject section */

/* Begin PBXResourcesBuildPhase section */
		FB97C52D23FE227E0067A2F7 /* Resources */ = {
			isa = PBXResourcesBuildPhase;
			buildActionMask = 2147483647;
			files = (
				FB97C53F23FE227F0067A2F7 /* LaunchScreen.storyboard in Resources */,
				FB3BD5AF240321980063B2FA /* InfoHud.xib in Resources */,
				FB97C53C23FE227F0067A2F7 /* Assets.xcassets in Resources */,
				FB97C53A23FE227E0067A2F7 /* Main.storyboard in Resources */,
			);
			runOnlyForDeploymentPostprocessing = 0;
		};
		FB97C54323FE227F0067A2F7 /* Resources */ = {
			isa = PBXResourcesBuildPhase;
			buildActionMask = 2147483647;
			files = (
			);
			runOnlyForDeploymentPostprocessing = 0;
		};
/* End PBXResourcesBuildPhase section */

/* Begin PBXShellScriptBuildPhase section */
		207BA5C59826987DBABC11DF /* [CP] Embed Pods Frameworks */ = {
			isa = PBXShellScriptBuildPhase;
			buildActionMask = 2147483647;
			files = (
			);
			inputFileListPaths = (
				"${PODS_ROOT}/Target Support Files/Pods-itunesTest/Pods-itunesTest-frameworks-${CONFIGURATION}-input-files.xcfilelist",
			);
			name = "[CP] Embed Pods Frameworks";
			outputFileListPaths = (
				"${PODS_ROOT}/Target Support Files/Pods-itunesTest/Pods-itunesTest-frameworks-${CONFIGURATION}-output-files.xcfilelist",
			);
			runOnlyForDeploymentPostprocessing = 0;
			shellPath = /bin/sh;
			shellScript = "\"${PODS_ROOT}/Target Support Files/Pods-itunesTest/Pods-itunesTest-frameworks.sh\"\n";
			showEnvVarsInLog = 0;
		};
		B805DCE6C6CE2FE535B5AEA1 /* [CP] Check Pods Manifest.lock */ = {
			isa = PBXShellScriptBuildPhase;
			buildActionMask = 2147483647;
			files = (
			);
			inputFileListPaths = (
			);
			inputPaths = (
				"${PODS_PODFILE_DIR_PATH}/Podfile.lock",
				"${PODS_ROOT}/Manifest.lock",
			);
			name = "[CP] Check Pods Manifest.lock";
			outputFileListPaths = (
			);
			outputPaths = (
				"$(DERIVED_FILE_DIR)/Pods-itunesTestTests-checkManifestLockResult.txt",
			);
			runOnlyForDeploymentPostprocessing = 0;
			shellPath = /bin/sh;
			shellScript = "diff \"${PODS_PODFILE_DIR_PATH}/Podfile.lock\" \"${PODS_ROOT}/Manifest.lock\" > /dev/null\nif [ $? != 0 ] ; then\n    # print error to STDERR\n    echo \"error: The sandbox is not in sync with the Podfile.lock. Run 'pod install' or update your CocoaPods installation.\" >&2\n    exit 1\nfi\n# This output is used by Xcode 'outputs' to avoid re-running this script phase.\necho \"SUCCESS\" > \"${SCRIPT_OUTPUT_FILE_0}\"\n";
			showEnvVarsInLog = 0;
		};
		D6030948EEF8AE945A359365 /* [CP] Check Pods Manifest.lock */ = {
			isa = PBXShellScriptBuildPhase;
			buildActionMask = 2147483647;
			files = (
			);
			inputFileListPaths = (
			);
			inputPaths = (
				"${PODS_PODFILE_DIR_PATH}/Podfile.lock",
				"${PODS_ROOT}/Manifest.lock",
			);
			name = "[CP] Check Pods Manifest.lock";
			outputFileListPaths = (
			);
			outputPaths = (
				"$(DERIVED_FILE_DIR)/Pods-itunesTest-checkManifestLockResult.txt",
			);
			runOnlyForDeploymentPostprocessing = 0;
			shellPath = /bin/sh;
			shellScript = "diff \"${PODS_PODFILE_DIR_PATH}/Podfile.lock\" \"${PODS_ROOT}/Manifest.lock\" > /dev/null\nif [ $? != 0 ] ; then\n    # print error to STDERR\n    echo \"error: The sandbox is not in sync with the Podfile.lock. Run 'pod install' or update your CocoaPods installation.\" >&2\n    exit 1\nfi\n# This output is used by Xcode 'outputs' to avoid re-running this script phase.\necho \"SUCCESS\" > \"${SCRIPT_OUTPUT_FILE_0}\"\n";
			showEnvVarsInLog = 0;
		};
/* End PBXShellScriptBuildPhase section */

/* Begin PBXSourcesBuildPhase section */
		FB97C52B23FE227E0067A2F7 /* Sources */ = {
			isa = PBXSourcesBuildPhase;
			buildActionMask = 2147483647;
			files = (
				FB97C55F23FE23990067A2F7 /* SearchModels.swift in Sources */,
				FB97C55E23FE23990067A2F7 /* SearchRouter.swift in Sources */,
				FB97C56023FE23990067A2F7 /* SearchViewController.swift in Sources */,
				FB97C56123FE23990067A2F7 /* SearchInteractor.swift in Sources */,
				FB3BD5B0240321980063B2FA /* UIViewControllerExtension.swift in Sources */,
				FB3BD5D8240356A80063B2FA /* WebViewTableViewCell.swift in Sources */,
				FB97C55D23FE23990067A2F7 /* SearchWorker.swift in Sources */,
				FB3BD5CE24034BCC0063B2FA /* SearchDetailViewController.swift in Sources */,
				FB97C53323FE227E0067A2F7 /* AppDelegate.swift in Sources */,
				FB3BD5D224034C870063B2FA /* ArtworkTableViewCell.swift in Sources */,
				FB3BD5CD24034BCC0063B2FA /* SearchDetailModels.swift in Sources */,
				FB3BD5D624034CB90063B2FA /* TrackNameTableViewCell.swift in Sources */,
				FB97C55C23FE23990067A2F7 /* SearchPresenter.swift in Sources */,
				FB3BD5CF24034BCC0063B2FA /* SearchDetailInteractor.swift in Sources */,
				FB97C56623FE2A300067A2F7 /* CodableResponse.swift in Sources */,
				FB97C53523FE227E0067A2F7 /* SceneDelegate.swift in Sources */,
				FB3BD5B4240325930063B2FA /* ResultTableViewCell.swift in Sources */,
				FB97C56423FE2A1D0067A2F7 /* iTunes.swift in Sources */,
				FB3BD5CA24034BCC0063B2FA /* SearchDetailPresenter.swift in Sources */,
				FB3BD5CB24034BCC0063B2FA /* SearchDetailWorker.swift in Sources */,
				FB97C56923FE2AA90067A2F7 /* MediaResult.swift in Sources */,
				FB3BD5CC24034BCC0063B2FA /* SearchDetailRouter.swift in Sources */,
				FB392DE82402FA0100973647 /* DetailViewController.swift in Sources */,
				FB3BD5AE240321980063B2FA /* InfoHud.swift in Sources */,
				FB3BD5D424034CA10063B2FA /* DetailArtistTableViewCell.swift in Sources */,
			);
			runOnlyForDeploymentPostprocessing = 0;
		};
		FB97C54123FE227F0067A2F7 /* Sources */ = {
			isa = PBXSourcesBuildPhase;
			buildActionMask = 2147483647;
			files = (
				FB97C54A23FE227F0067A2F7 /* itunesTestTests.swift in Sources */,
			);
			runOnlyForDeploymentPostprocessing = 0;
		};
/* End PBXSourcesBuildPhase section */

/* Begin PBXTargetDependency section */
		FB97C54723FE227F0067A2F7 /* PBXTargetDependency */ = {
			isa = PBXTargetDependency;
			target = FB97C52E23FE227E0067A2F7 /* itunesTest */;
			targetProxy = FB97C54623FE227F0067A2F7 /* PBXContainerItemProxy */;
		};
/* End PBXTargetDependency section */

/* Begin PBXVariantGroup section */
		FB97C53823FE227E0067A2F7 /* Main.storyboard */ = {
			isa = PBXVariantGroup;
			children = (
				FB97C53923FE227E0067A2F7 /* Base */,
			);
			name = Main.storyboard;
			sourceTree = "<group>";
		};
		FB97C53D23FE227F0067A2F7 /* LaunchScreen.storyboard */ = {
			isa = PBXVariantGroup;
			children = (
				FB97C53E23FE227F0067A2F7 /* Base */,
			);
			name = LaunchScreen.storyboard;
			sourceTree = "<group>";
		};
/* End PBXVariantGroup section */

/* Begin XCBuildConfiguration section */
		FB97C54C23FE227F0067A2F7 /* Debug */ = {
			isa = XCBuildConfiguration;
			buildSettings = {
				ALWAYS_SEARCH_USER_PATHS = NO;
				CLANG_ANALYZER_NONNULL = YES;
				CLANG_ANALYZER_NUMBER_OBJECT_CONVERSION = YES_AGGRESSIVE;
				CLANG_CXX_LANGUAGE_STANDARD = "gnu++14";
				CLANG_CXX_LIBRARY = "libc++";
				CLANG_ENABLE_MODULES = YES;
				CLANG_ENABLE_OBJC_ARC = YES;
				CLANG_ENABLE_OBJC_WEAK = YES;
				CLANG_WARN_BLOCK_CAPTURE_AUTORELEASING = YES;
				CLANG_WARN_BOOL_CONVERSION = YES;
				CLANG_WARN_COMMA = YES;
				CLANG_WARN_CONSTANT_CONVERSION = YES;
				CLANG_WARN_DEPRECATED_OBJC_IMPLEMENTATIONS = YES;
				CLANG_WARN_DIRECT_OBJC_ISA_USAGE = YES_ERROR;
				CLANG_WARN_DOCUMENTATION_COMMENTS = YES;
				CLANG_WARN_EMPTY_BODY = YES;
				CLANG_WARN_ENUM_CONVERSION = YES;
				CLANG_WARN_INFINITE_RECURSION = YES;
				CLANG_WARN_INT_CONVERSION = YES;
				CLANG_WARN_NON_LITERAL_NULL_CONVERSION = YES;
				CLANG_WARN_OBJC_IMPLICIT_RETAIN_SELF = YES;
				CLANG_WARN_OBJC_LITERAL_CONVERSION = YES;
				CLANG_WARN_OBJC_ROOT_CLASS = YES_ERROR;
				CLANG_WARN_RANGE_LOOP_ANALYSIS = YES;
				CLANG_WARN_STRICT_PROTOTYPES = YES;
				CLANG_WARN_SUSPICIOUS_MOVE = YES;
				CLANG_WARN_UNGUARDED_AVAILABILITY = YES_AGGRESSIVE;
				CLANG_WARN_UNREACHABLE_CODE = YES;
				CLANG_WARN__DUPLICATE_METHOD_MATCH = YES;
				COPY_PHASE_STRIP = NO;
				DEBUG_INFORMATION_FORMAT = dwarf;
				ENABLE_STRICT_OBJC_MSGSEND = YES;
				ENABLE_TESTABILITY = YES;
				GCC_C_LANGUAGE_STANDARD = gnu11;
				GCC_DYNAMIC_NO_PIC = NO;
				GCC_NO_COMMON_BLOCKS = YES;
				GCC_OPTIMIZATION_LEVEL = 0;
				GCC_PREPROCESSOR_DEFINITIONS = (
					"DEBUG=1",
					"$(inherited)",
				);
				GCC_WARN_64_TO_32_BIT_CONVERSION = YES;
				GCC_WARN_ABOUT_RETURN_TYPE = YES_ERROR;
				GCC_WARN_UNDECLARED_SELECTOR = YES;
				GCC_WARN_UNINITIALIZED_AUTOS = YES_AGGRESSIVE;
				GCC_WARN_UNUSED_FUNCTION = YES;
				GCC_WARN_UNUSED_VARIABLE = YES;
				IPHONEOS_DEPLOYMENT_TARGET = 13.2;
				MTL_ENABLE_DEBUG_INFO = INCLUDE_SOURCE;
				MTL_FAST_MATH = YES;
				ONLY_ACTIVE_ARCH = YES;
				SDKROOT = iphoneos;
				SWIFT_ACTIVE_COMPILATION_CONDITIONS = DEBUG;
				SWIFT_OPTIMIZATION_LEVEL = "-Onone";
			};
			name = Debug;
		};
		FB97C54D23FE227F0067A2F7 /* Release */ = {
			isa = XCBuildConfiguration;
			buildSettings = {
				ALWAYS_SEARCH_USER_PATHS = NO;
				CLANG_ANALYZER_NONNULL = YES;
				CLANG_ANALYZER_NUMBER_OBJECT_CONVERSION = YES_AGGRESSIVE;
				CLANG_CXX_LANGUAGE_STANDARD = "gnu++14";
				CLANG_CXX_LIBRARY = "libc++";
				CLANG_ENABLE_MODULES = YES;
				CLANG_ENABLE_OBJC_ARC = YES;
				CLANG_ENABLE_OBJC_WEAK = YES;
				CLANG_WARN_BLOCK_CAPTURE_AUTORELEASING = YES;
				CLANG_WARN_BOOL_CONVERSION = YES;
				CLANG_WARN_COMMA = YES;
				CLANG_WARN_CONSTANT_CONVERSION = YES;
				CLANG_WARN_DEPRECATED_OBJC_IMPLEMENTATIONS = YES;
				CLANG_WARN_DIRECT_OBJC_ISA_USAGE = YES_ERROR;
				CLANG_WARN_DOCUMENTATION_COMMENTS = YES;
				CLANG_WARN_EMPTY_BODY = YES;
				CLANG_WARN_ENUM_CONVERSION = YES;
				CLANG_WARN_INFINITE_RECURSION = YES;
				CLANG_WARN_INT_CONVERSION = YES;
				CLANG_WARN_NON_LITERAL_NULL_CONVERSION = YES;
				CLANG_WARN_OBJC_IMPLICIT_RETAIN_SELF = YES;
				CLANG_WARN_OBJC_LITERAL_CONVERSION = YES;
				CLANG_WARN_OBJC_ROOT_CLASS = YES_ERROR;
				CLANG_WARN_RANGE_LOOP_ANALYSIS = YES;
				CLANG_WARN_STRICT_PROTOTYPES = YES;
				CLANG_WARN_SUSPICIOUS_MOVE = YES;
				CLANG_WARN_UNGUARDED_AVAILABILITY = YES_AGGRESSIVE;
				CLANG_WARN_UNREACHABLE_CODE = YES;
				CLANG_WARN__DUPLICATE_METHOD_MATCH = YES;
				COPY_PHASE_STRIP = NO;
				DEBUG_INFORMATION_FORMAT = "dwarf-with-dsym";
				ENABLE_NS_ASSERTIONS = NO;
				ENABLE_STRICT_OBJC_MSGSEND = YES;
				GCC_C_LANGUAGE_STANDARD = gnu11;
				GCC_NO_COMMON_BLOCKS = YES;
				GCC_WARN_64_TO_32_BIT_CONVERSION = YES;
				GCC_WARN_ABOUT_RETURN_TYPE = YES_ERROR;
				GCC_WARN_UNDECLARED_SELECTOR = YES;
				GCC_WARN_UNINITIALIZED_AUTOS = YES_AGGRESSIVE;
				GCC_WARN_UNUSED_FUNCTION = YES;
				GCC_WARN_UNUSED_VARIABLE = YES;
				IPHONEOS_DEPLOYMENT_TARGET = 13.2;
				MTL_ENABLE_DEBUG_INFO = NO;
				MTL_FAST_MATH = YES;
				SDKROOT = iphoneos;
				SWIFT_COMPILATION_MODE = wholemodule;
				SWIFT_OPTIMIZATION_LEVEL = "-O";
				VALIDATE_PRODUCT = YES;
			};
			name = Release;
		};
		FB97C54F23FE227F0067A2F7 /* Debug */ = {
			isa = XCBuildConfiguration;
			baseConfigurationReference = 89F4695A51EA3799285C76A3 /* Pods-itunesTest.debug.xcconfig */;
			buildSettings = {
				ASSETCATALOG_COMPILER_APPICON_NAME = AppIcon;
				CODE_SIGN_STYLE = Automatic;
				DEVELOPMENT_TEAM = MWN22WZZ3Z;
				INFOPLIST_FILE = itunesTest/Info.plist;
				LD_RUNPATH_SEARCH_PATHS = (
					"$(inherited)",
					"@executable_path/Frameworks",
				);
				PRODUCT_BUNDLE_IDENTIFIER = com.rastorga.itunestest.itunesTest;
				PRODUCT_NAME = "$(TARGET_NAME)";
				SWIFT_VERSION = 5.0;
				TARGETED_DEVICE_FAMILY = "1,2";
			};
			name = Debug;
		};
		FB97C55023FE227F0067A2F7 /* Release */ = {
			isa = XCBuildConfiguration;
			baseConfigurationReference = C0A5FA73447A11E7CA75FE69 /* Pods-itunesTest.release.xcconfig */;
			buildSettings = {
				ASSETCATALOG_COMPILER_APPICON_NAME = AppIcon;
				CODE_SIGN_STYLE = Automatic;
				DEVELOPMENT_TEAM = MWN22WZZ3Z;
				INFOPLIST_FILE = itunesTest/Info.plist;
				LD_RUNPATH_SEARCH_PATHS = (
					"$(inherited)",
					"@executable_path/Frameworks",
				);
				PRODUCT_BUNDLE_IDENTIFIER = com.rastorga.itunestest.itunesTest;
				PRODUCT_NAME = "$(TARGET_NAME)";
				SWIFT_VERSION = 5.0;
				TARGETED_DEVICE_FAMILY = "1,2";
			};
			name = Release;
		};
		FB97C55223FE227F0067A2F7 /* Debug */ = {
			isa = XCBuildConfiguration;
			baseConfigurationReference = E81000DB66CF4BB608EE4BE7 /* Pods-itunesTestTests.debug.xcconfig */;
			buildSettings = {
				ALWAYS_EMBED_SWIFT_STANDARD_LIBRARIES = YES;
				BUNDLE_LOADER = "$(TEST_HOST)";
				CODE_SIGN_STYLE = Automatic;
				DEVELOPMENT_TEAM = MWN22WZZ3Z;
				INFOPLIST_FILE = itunesTestTests/Info.plist;
				IPHONEOS_DEPLOYMENT_TARGET = 13.2;
				LD_RUNPATH_SEARCH_PATHS = (
					"$(inherited)",
					"@executable_path/Frameworks",
					"@loader_path/Frameworks",
				);
				PRODUCT_BUNDLE_IDENTIFIER = com.rastorga.itunestest.itunesTestTests;
				PRODUCT_NAME = "$(TARGET_NAME)";
				SWIFT_VERSION = 5.0;
				TARGETED_DEVICE_FAMILY = "1,2";
				TEST_HOST = "$(BUILT_PRODUCTS_DIR)/itunesTest.app/itunesTest";
			};
			name = Debug;
		};
		FB97C55323FE227F0067A2F7 /* Release */ = {
			isa = XCBuildConfiguration;
			baseConfigurationReference = F6A9B352A513FEE1E83BF833 /* Pods-itunesTestTests.release.xcconfig */;
			buildSettings = {
				ALWAYS_EMBED_SWIFT_STANDARD_LIBRARIES = YES;
				BUNDLE_LOADER = "$(TEST_HOST)";
				CODE_SIGN_STYLE = Automatic;
				DEVELOPMENT_TEAM = MWN22WZZ3Z;
				INFOPLIST_FILE = itunesTestTests/Info.plist;
				IPHONEOS_DEPLOYMENT_TARGET = 13.2;
				LD_RUNPATH_SEARCH_PATHS = (
					"$(inherited)",
					"@executable_path/Frameworks",
					"@loader_path/Frameworks",
				);
				PRODUCT_BUNDLE_IDENTIFIER = com.rastorga.itunestest.itunesTestTests;
				PRODUCT_NAME = "$(TARGET_NAME)";
				SWIFT_VERSION = 5.0;
				TARGETED_DEVICE_FAMILY = "1,2";
				TEST_HOST = "$(BUILT_PRODUCTS_DIR)/itunesTest.app/itunesTest";
			};
			name = Release;
		};
/* End XCBuildConfiguration section */

/* Begin XCConfigurationList section */
		FB97C52A23FE227E0067A2F7 /* Build configuration list for PBXProject "itunesTest" */ = {
			isa = XCConfigurationList;
			buildConfigurations = (
				FB97C54C23FE227F0067A2F7 /* Debug */,
				FB97C54D23FE227F0067A2F7 /* Release */,
			);
			defaultConfigurationIsVisible = 0;
			defaultConfigurationName = Release;
		};
		FB97C54E23FE227F0067A2F7 /* Build configuration list for PBXNativeTarget "itunesTest" */ = {
			isa = XCConfigurationList;
			buildConfigurations = (
				FB97C54F23FE227F0067A2F7 /* Debug */,
				FB97C55023FE227F0067A2F7 /* Release */,
			);
			defaultConfigurationIsVisible = 0;
			defaultConfigurationName = Release;
		};
		FB97C55123FE227F0067A2F7 /* Build configuration list for PBXNativeTarget "itunesTestTests" */ = {
			isa = XCConfigurationList;
			buildConfigurations = (
				FB97C55223FE227F0067A2F7 /* Debug */,
				FB97C55323FE227F0067A2F7 /* Release */,
			);
			defaultConfigurationIsVisible = 0;
			defaultConfigurationName = Release;
		};
/* End XCConfigurationList section */
	};
	rootObject = FB97C52723FE227E0067A2F7 /* Project object */;
}
